// !$*UTF8*$!
{
	archiveVersion = 1;
	classes = {
	};
	objectVersion = 51;
	objects = {

/* Begin PBXBuildFile section */
		0E99F20F81F72DB3733489BD /* Pods_parseChat_parseChatUITests.framework in Frameworks */ = {isa = PBXBuildFile; fileRef = 9E5FC774F1AAC40B0CC1E402 /* Pods_parseChat_parseChatUITests.framework */; };
		20CBF8873D5367E127CFE628 /* Pods_parseChat.framework in Frameworks */ = {isa = PBXBuildFile; fileRef = 417FDB2DE1A0C50462DE56EB /* Pods_parseChat.framework */; };
		2A00D33D6F56313F8AEEE145 /* Pods_parseChatTests.framework in Frameworks */ = {isa = PBXBuildFile; fileRef = 289F219E190BE0F287443B28 /* Pods_parseChatTests.framework */; };
		497C536E2694AD2A00AC7B6B /* AppDelegate.m in Sources */ = {isa = PBXBuildFile; fileRef = 497C536D2694AD2A00AC7B6B /* AppDelegate.m */; };
		497C53712694AD2A00AC7B6B /* SceneDelegate.m in Sources */ = {isa = PBXBuildFile; fileRef = 497C53702694AD2A00AC7B6B /* SceneDelegate.m */; };
		497C53772694AD2A00AC7B6B /* Main.storyboard in Resources */ = {isa = PBXBuildFile; fileRef = 497C53752694AD2A00AC7B6B /* Main.storyboard */; };
		497C53792694AD2D00AC7B6B /* Assets.xcassets in Resources */ = {isa = PBXBuildFile; fileRef = 497C53782694AD2D00AC7B6B /* Assets.xcassets */; };
		497C537C2694AD2D00AC7B6B /* LaunchScreen.storyboard in Resources */ = {isa = PBXBuildFile; fileRef = 497C537A2694AD2D00AC7B6B /* LaunchScreen.storyboard */; };
		497C537F2694AD2D00AC7B6B /* main.m in Sources */ = {isa = PBXBuildFile; fileRef = 497C537E2694AD2D00AC7B6B /* main.m */; };
		497C53892694AD2D00AC7B6B /* parseChatTests.m in Sources */ = {isa = PBXBuildFile; fileRef = 497C53882694AD2D00AC7B6B /* parseChatTests.m */; };
		497C53942694AD2D00AC7B6B /* parseChatUITests.m in Sources */ = {isa = PBXBuildFile; fileRef = 497C53932694AD2D00AC7B6B /* parseChatUITests.m */; };
		497C53A32694B20A00AC7B6B /* LoginViewController.m in Sources */ = {isa = PBXBuildFile; fileRef = 497C53A22694B20A00AC7B6B /* LoginViewController.m */; };
		497C53A62694B63E00AC7B6B /* ChatViewController.m in Sources */ = {isa = PBXBuildFile; fileRef = 497C53A52694B63E00AC7B6B /* ChatViewController.m */; };
		497C53A92694BCF500AC7B6B /* ChatCell.m in Sources */ = {isa = PBXBuildFile; fileRef = 497C53A82694BCF500AC7B6B /* ChatCell.m */; };
/* End PBXBuildFile section */

/* Begin PBXContainerItemProxy section */
		497C53852694AD2D00AC7B6B /* PBXContainerItemProxy */ = {
			isa = PBXContainerItemProxy;
			containerPortal = 497C53612694AD2A00AC7B6B /* Project object */;
			proxyType = 1;
			remoteGlobalIDString = 497C53682694AD2A00AC7B6B;
			remoteInfo = parseChat;
		};
		497C53902694AD2D00AC7B6B /* PBXContainerItemProxy */ = {
			isa = PBXContainerItemProxy;
			containerPortal = 497C53612694AD2A00AC7B6B /* Project object */;
			proxyType = 1;
			remoteGlobalIDString = 497C53682694AD2A00AC7B6B;
			remoteInfo = parseChat;
		};
/* End PBXContainerItemProxy section */

/* Begin PBXFileReference section */
		1B71D36165E8D51EBBD87228 /* Pods-parseChat.debug.xcconfig */ = {isa = PBXFileReference; includeInIndex = 1; lastKnownFileType = text.xcconfig; name = "Pods-parseChat.debug.xcconfig"; path = "Target Support Files/Pods-parseChat/Pods-parseChat.debug.xcconfig"; sourceTree = "<group>"; };
		1C8769B7FAB562B89A3DBF02 /* Pods-parseChatTests.release.xcconfig */ = {isa = PBXFileReference; includeInIndex = 1; lastKnownFileType = text.xcconfig; name = "Pods-parseChatTests.release.xcconfig"; path = "Target Support Files/Pods-parseChatTests/Pods-parseChatTests.release.xcconfig"; sourceTree = "<group>"; };
		289F219E190BE0F287443B28 /* Pods_parseChatTests.framework */ = {isa = PBXFileReference; explicitFileType = wrapper.framework; includeInIndex = 0; path = Pods_parseChatTests.framework; sourceTree = BUILT_PRODUCTS_DIR; };
		28F2454D67D14392CF3187E6 /* Pods-parseChat-parseChatUITests.debug.xcconfig */ = {isa = PBXFileReference; includeInIndex = 1; lastKnownFileType = text.xcconfig; name = "Pods-parseChat-parseChatUITests.debug.xcconfig"; path = "Target Support Files/Pods-parseChat-parseChatUITests/Pods-parseChat-parseChatUITests.debug.xcconfig"; sourceTree = "<group>"; };
		417FDB2DE1A0C50462DE56EB /* Pods_parseChat.framework */ = {isa = PBXFileReference; explicitFileType = wrapper.framework; includeInIndex = 0; path = Pods_parseChat.framework; sourceTree = BUILT_PRODUCTS_DIR; };
		497C53692694AD2A00AC7B6B /* parseChat.app */ = {isa = PBXFileReference; explicitFileType = wrapper.application; includeInIndex = 0; path = parseChat.app; sourceTree = BUILT_PRODUCTS_DIR; };
		497C536C2694AD2A00AC7B6B /* AppDelegate.h */ = {isa = PBXFileReference; lastKnownFileType = sourcecode.c.h; path = AppDelegate.h; sourceTree = "<group>"; };
		497C536D2694AD2A00AC7B6B /* AppDelegate.m */ = {isa = PBXFileReference; lastKnownFileType = sourcecode.c.objc; path = AppDelegate.m; sourceTree = "<group>"; };
		497C536F2694AD2A00AC7B6B /* SceneDelegate.h */ = {isa = PBXFileReference; lastKnownFileType = sourcecode.c.h; path = SceneDelegate.h; sourceTree = "<group>"; };
		497C53702694AD2A00AC7B6B /* SceneDelegate.m */ = {isa = PBXFileReference; lastKnownFileType = sourcecode.c.objc; path = SceneDelegate.m; sourceTree = "<group>"; };
		497C53762694AD2A00AC7B6B /* Base */ = {isa = PBXFileReference; lastKnownFileType = file.storyboard; name = Base; path = Base.lproj/Main.storyboard; sourceTree = "<group>"; };
		497C53782694AD2D00AC7B6B /* Assets.xcassets */ = {isa = PBXFileReference; lastKnownFileType = folder.assetcatalog; path = Assets.xcassets; sourceTree = "<group>"; };
		497C537B2694AD2D00AC7B6B /* Base */ = {isa = PBXFileReference; lastKnownFileType = file.storyboard; name = Base; path = Base.lproj/LaunchScreen.storyboard; sourceTree = "<group>"; };
		497C537D2694AD2D00AC7B6B /* Info.plist */ = {isa = PBXFileReference; lastKnownFileType = text.plist.xml; path = Info.plist; sourceTree = "<group>"; };
		497C537E2694AD2D00AC7B6B /* main.m */ = {isa = PBXFileReference; lastKnownFileType = sourcecode.c.objc; path = main.m; sourceTree = "<group>"; };
		497C53842694AD2D00AC7B6B /* parseChatTests.xctest */ = {isa = PBXFileReference; explicitFileType = wrapper.cfbundle; includeInIndex = 0; path = parseChatTests.xctest; sourceTree = BUILT_PRODUCTS_DIR; };
		497C53882694AD2D00AC7B6B /* parseChatTests.m */ = {isa = PBXFileReference; lastKnownFileType = sourcecode.c.objc; path = parseChatTests.m; sourceTree = "<group>"; };
		497C538A2694AD2D00AC7B6B /* Info.plist */ = {isa = PBXFileReference; lastKnownFileType = text.plist.xml; path = Info.plist; sourceTree = "<group>"; };
		497C538F2694AD2D00AC7B6B /* parseChatUITests.xctest */ = {isa = PBXFileReference; explicitFileType = wrapper.cfbundle; includeInIndex = 0; path = parseChatUITests.xctest; sourceTree = BUILT_PRODUCTS_DIR; };
		497C53932694AD2D00AC7B6B /* parseChatUITests.m */ = {isa = PBXFileReference; lastKnownFileType = sourcecode.c.objc; path = parseChatUITests.m; sourceTree = "<group>"; };
		497C53952694AD2D00AC7B6B /* Info.plist */ = {isa = PBXFileReference; lastKnownFileType = text.plist.xml; path = Info.plist; sourceTree = "<group>"; };
		497C53A12694B20A00AC7B6B /* LoginViewController.h */ = {isa = PBXFileReference; lastKnownFileType = sourcecode.c.h; path = LoginViewController.h; sourceTree = "<group>"; };
		497C53A22694B20A00AC7B6B /* LoginViewController.m */ = {isa = PBXFileReference; lastKnownFileType = sourcecode.c.objc; path = LoginViewController.m; sourceTree = "<group>"; };
		497C53A42694B63E00AC7B6B /* ChatViewController.h */ = {isa = PBXFileReference; lastKnownFileType = sourcecode.c.h; path = ChatViewController.h; sourceTree = "<group>"; };
		497C53A52694B63E00AC7B6B /* ChatViewController.m */ = {isa = PBXFileReference; lastKnownFileType = sourcecode.c.objc; path = ChatViewController.m; sourceTree = "<group>"; };
		497C53A72694BCF500AC7B6B /* ChatCell.h */ = {isa = PBXFileReference; lastKnownFileType = sourcecode.c.h; path = ChatCell.h; sourceTree = "<group>"; };
		497C53A82694BCF500AC7B6B /* ChatCell.m */ = {isa = PBXFileReference; lastKnownFileType = sourcecode.c.objc; path = ChatCell.m; sourceTree = "<group>"; };
		58C3CCF81F4551F9860F6107 /* Pods-parseChatTests.debug.xcconfig */ = {isa = PBXFileReference; includeInIndex = 1; lastKnownFileType = text.xcconfig; name = "Pods-parseChatTests.debug.xcconfig"; path = "Target Support Files/Pods-parseChatTests/Pods-parseChatTests.debug.xcconfig"; sourceTree = "<group>"; };
		9E5FC774F1AAC40B0CC1E402 /* Pods_parseChat_parseChatUITests.framework */ = {isa = PBXFileReference; explicitFileType = wrapper.framework; includeInIndex = 0; path = Pods_parseChat_parseChatUITests.framework; sourceTree = BUILT_PRODUCTS_DIR; };
		BAEDCDCECDA25C21187E7DD0 /* Pods-parseChat-parseChatUITests.release.xcconfig */ = {isa = PBXFileReference; includeInIndex = 1; lastKnownFileType = text.xcconfig; name = "Pods-parseChat-parseChatUITests.release.xcconfig"; path = "Target Support Files/Pods-parseChat-parseChatUITests/Pods-parseChat-parseChatUITests.release.xcconfig"; sourceTree = "<group>"; };
		EDB6FB7D3CCC7FB2729047FA /* Pods-parseChat.release.xcconfig */ = {isa = PBXFileReference; includeInIndex = 1; lastKnownFileType = text.xcconfig; name = "Pods-parseChat.release.xcconfig"; path = "Target Support Files/Pods-parseChat/Pods-parseChat.release.xcconfig"; sourceTree = "<group>"; };
/* End PBXFileReference section */

/* Begin PBXFrameworksBuildPhase section */
		497C53662694AD2A00AC7B6B /* Frameworks */ = {
			isa = PBXFrameworksBuildPhase;
			buildActionMask = 2147483647;
			files = (
				20CBF8873D5367E127CFE628 /* Pods_parseChat.framework in Frameworks */,
			);
			runOnlyForDeploymentPostprocessing = 0;
		};
		497C53812694AD2D00AC7B6B /* Frameworks */ = {
			isa = PBXFrameworksBuildPhase;
			buildActionMask = 2147483647;
			files = (
				2A00D33D6F56313F8AEEE145 /* Pods_parseChatTests.framework in Frameworks */,
			);
			runOnlyForDeploymentPostprocessing = 0;
		};
		497C538C2694AD2D00AC7B6B /* Frameworks */ = {
			isa = PBXFrameworksBuildPhase;
			buildActionMask = 2147483647;
			files = (
				0E99F20F81F72DB3733489BD /* Pods_parseChat_parseChatUITests.framework in Frameworks */,
			);
			runOnlyForDeploymentPostprocessing = 0;
		};
/* End PBXFrameworksBuildPhase section */

/* Begin PBXGroup section */
		38C1926F378169BBC4378176 /* Frameworks */ = {
			isa = PBXGroup;
			children = (
				417FDB2DE1A0C50462DE56EB /* Pods_parseChat.framework */,
				9E5FC774F1AAC40B0CC1E402 /* Pods_parseChat_parseChatUITests.framework */,
				289F219E190BE0F287443B28 /* Pods_parseChatTests.framework */,
			);
			name = Frameworks;
			sourceTree = "<group>";
		};
		4623EEA87B86C413AEE557AB /* Pods */ = {
			isa = PBXGroup;
			children = (
				1B71D36165E8D51EBBD87228 /* Pods-parseChat.debug.xcconfig */,
				EDB6FB7D3CCC7FB2729047FA /* Pods-parseChat.release.xcconfig */,
				28F2454D67D14392CF3187E6 /* Pods-parseChat-parseChatUITests.debug.xcconfig */,
				BAEDCDCECDA25C21187E7DD0 /* Pods-parseChat-parseChatUITests.release.xcconfig */,
				58C3CCF81F4551F9860F6107 /* Pods-parseChatTests.debug.xcconfig */,
				1C8769B7FAB562B89A3DBF02 /* Pods-parseChatTests.release.xcconfig */,
			);
			path = Pods;
			sourceTree = "<group>";
		};
		497C53602694AD2A00AC7B6B = {
			isa = PBXGroup;
			children = (
				497C536B2694AD2A00AC7B6B /* parseChat */,
				497C53872694AD2D00AC7B6B /* parseChatTests */,
				497C53922694AD2D00AC7B6B /* parseChatUITests */,
				497C536A2694AD2A00AC7B6B /* Products */,
				4623EEA87B86C413AEE557AB /* Pods */,
				38C1926F378169BBC4378176 /* Frameworks */,
			);
			sourceTree = "<group>";
		};
		497C536A2694AD2A00AC7B6B /* Products */ = {
			isa = PBXGroup;
			children = (
				497C53692694AD2A00AC7B6B /* parseChat.app */,
				497C53842694AD2D00AC7B6B /* parseChatTests.xctest */,
				497C538F2694AD2D00AC7B6B /* parseChatUITests.xctest */,
			);
			name = Products;
			sourceTree = "<group>";
		};
		497C536B2694AD2A00AC7B6B /* parseChat */ = {
			isa = PBXGroup;
			children = (
				497C536C2694AD2A00AC7B6B /* AppDelegate.h */,
				497C536D2694AD2A00AC7B6B /* AppDelegate.m */,
				497C536F2694AD2A00AC7B6B /* SceneDelegate.h */,
				497C53702694AD2A00AC7B6B /* SceneDelegate.m */,
				497C53752694AD2A00AC7B6B /* Main.storyboard */,
				497C53782694AD2D00AC7B6B /* Assets.xcassets */,
				497C537A2694AD2D00AC7B6B /* LaunchScreen.storyboard */,
				497C537D2694AD2D00AC7B6B /* Info.plist */,
				497C537E2694AD2D00AC7B6B /* main.m */,
				497C53A12694B20A00AC7B6B /* LoginViewController.h */,
				497C53A22694B20A00AC7B6B /* LoginViewController.m */,
				497C53A42694B63E00AC7B6B /* ChatViewController.h */,
				497C53A52694B63E00AC7B6B /* ChatViewController.m */,
				497C53A72694BCF500AC7B6B /* ChatCell.h */,
				497C53A82694BCF500AC7B6B /* ChatCell.m */,
			);
			path = parseChat;
			sourceTree = "<group>";
		};
		497C53872694AD2D00AC7B6B /* parseChatTests */ = {
			isa = PBXGroup;
			children = (
				497C53882694AD2D00AC7B6B /* parseChatTests.m */,
				497C538A2694AD2D00AC7B6B /* Info.plist */,
			);
			path = parseChatTests;
			sourceTree = "<group>";
		};
		497C53922694AD2D00AC7B6B /* parseChatUITests */ = {
			isa = PBXGroup;
			children = (
				497C53932694AD2D00AC7B6B /* parseChatUITests.m */,
				497C53952694AD2D00AC7B6B /* Info.plist */,
			);
			path = parseChatUITests;
			sourceTree = "<group>";
		};
/* End PBXGroup section */

/* Begin PBXNativeTarget section */
		497C53682694AD2A00AC7B6B /* parseChat */ = {
			isa = PBXNativeTarget;
			buildConfigurationList = 497C53982694AD2D00AC7B6B /* Build configuration list for PBXNativeTarget "parseChat" */;
			buildPhases = (
				C295B217B11C06D141BED1CE /* [CP] Check Pods Manifest.lock */,
				497C53652694AD2A00AC7B6B /* Sources */,
				497C53662694AD2A00AC7B6B /* Frameworks */,
				497C53672694AD2A00AC7B6B /* Resources */,
				A43468E4730A3193EE385E9B /* [CP] Embed Pods Frameworks */,
			);
			buildRules = (
			);
			dependencies = (
			);
			name = parseChat;
			productName = parseChat;
			productReference = 497C53692694AD2A00AC7B6B /* parseChat.app */;
			productType = "com.apple.product-type.application";
		};
		497C53832694AD2D00AC7B6B /* parseChatTests */ = {
			isa = PBXNativeTarget;
			buildConfigurationList = 497C539B2694AD2D00AC7B6B /* Build configuration list for PBXNativeTarget "parseChatTests" */;
			buildPhases = (
				5C6B73126292D87164D4AC30 /* [CP] Check Pods Manifest.lock */,
				497C53802694AD2D00AC7B6B /* Sources */,
				497C53812694AD2D00AC7B6B /* Frameworks */,
				497C53822694AD2D00AC7B6B /* Resources */,
			);
			buildRules = (
			);
			dependencies = (
				497C53862694AD2D00AC7B6B /* PBXTargetDependency */,
			);
			name = parseChatTests;
			productName = parseChatTests;
			productReference = 497C53842694AD2D00AC7B6B /* parseChatTests.xctest */;
			productType = "com.apple.product-type.bundle.unit-test";
		};
		497C538E2694AD2D00AC7B6B /* parseChatUITests */ = {
			isa = PBXNativeTarget;
			buildConfigurationList = 497C539E2694AD2D00AC7B6B /* Build configuration list for PBXNativeTarget "parseChatUITests" */;
			buildPhases = (
				4E221323FC7E7B6DF6DFC73B /* [CP] Check Pods Manifest.lock */,
				497C538B2694AD2D00AC7B6B /* Sources */,
				497C538C2694AD2D00AC7B6B /* Frameworks */,
				497C538D2694AD2D00AC7B6B /* Resources */,
				6C516F0F16A7E221B6031FAF /* [CP] Embed Pods Frameworks */,
			);
			buildRules = (
			);
			dependencies = (
				497C53912694AD2D00AC7B6B /* PBXTargetDependency */,
			);
			name = parseChatUITests;
			productName = parseChatUITests;
			productReference = 497C538F2694AD2D00AC7B6B /* parseChatUITests.xctest */;
			productType = "com.apple.product-type.bundle.ui-testing";
		};
/* End PBXNativeTarget section */

/* Begin PBXProject section */
		497C53612694AD2A00AC7B6B /* Project object */ = {
			isa = PBXProject;
			attributes = {
				LastUpgradeCheck = 1250;
				TargetAttributes = {
					497C53682694AD2A00AC7B6B = {
						CreatedOnToolsVersion = 12.5.1;
					};
					497C53832694AD2D00AC7B6B = {
						CreatedOnToolsVersion = 12.5.1;
						TestTargetID = 497C53682694AD2A00AC7B6B;
					};
					497C538E2694AD2D00AC7B6B = {
						CreatedOnToolsVersion = 12.5.1;
						TestTargetID = 497C53682694AD2A00AC7B6B;
					};
				};
			};
			buildConfigurationList = 497C53642694AD2A00AC7B6B /* Build configuration list for PBXProject "parseChat" */;
			compatibilityVersion = "Xcode 9.3";
			developmentRegion = en;
			hasScannedForEncodings = 0;
			knownRegions = (
				en,
				Base,
			);
			mainGroup = 497C53602694AD2A00AC7B6B;
			productRefGroup = 497C536A2694AD2A00AC7B6B /* Products */;
			projectDirPath = "";
			projectRoot = "";
			targets = (
				497C53682694AD2A00AC7B6B /* parseChat */,
				497C53832694AD2D00AC7B6B /* parseChatTests */,
				497C538E2694AD2D00AC7B6B /* parseChatUITests */,
			);
		};
/* End PBXProject section */

/* Begin PBXResourcesBuildPhase section */
		497C53672694AD2A00AC7B6B /* Resources */ = {
			isa = PBXResourcesBuildPhase;
			buildActionMask = 2147483647;
			files = (
				497C537C2694AD2D00AC7B6B /* LaunchScreen.storyboard in Resources */,
				497C53792694AD2D00AC7B6B /* Assets.xcassets in Resources */,
				497C53772694AD2A00AC7B6B /* Main.storyboard in Resources */,
			);
			runOnlyForDeploymentPostprocessing = 0;
		};
		497C53822694AD2D00AC7B6B /* Resources */ = {
			isa = PBXResourcesBuildPhase;
			buildActionMask = 2147483647;
			files = (
			);
			runOnlyForDeploymentPostprocessing = 0;
		};
		497C538D2694AD2D00AC7B6B /* Resources */ = {
			isa = PBXResourcesBuildPhase;
			buildActionMask = 2147483647;
			files = (
			);
			runOnlyForDeploymentPostprocessing = 0;
		};
/* End PBXResourcesBuildPhase section */

/* Begin PBXShellScriptBuildPhase section */
		4E221323FC7E7B6DF6DFC73B /* [CP] Check Pods Manifest.lock */ = {
			isa = PBXShellScriptBuildPhase;
			buildActionMask = 2147483647;
			files = (
			);
			inputFileListPaths = (
			);
			inputPaths = (
				"${PODS_PODFILE_DIR_PATH}/Podfile.lock",
				"${PODS_ROOT}/Manifest.lock",
			);
			name = "[CP] Check Pods Manifest.lock";
			outputFileListPaths = (
			);
			outputPaths = (
				"$(DERIVED_FILE_DIR)/Pods-parseChat-parseChatUITests-checkManifestLockResult.txt",
			);
			runOnlyForDeploymentPostprocessing = 0;
			shellPath = /bin/sh;
			shellScript = "diff \"${PODS_PODFILE_DIR_PATH}/Podfile.lock\" \"${PODS_ROOT}/Manifest.lock\" > /dev/null\nif [ $? != 0 ] ; then\n    # print error to STDERR\n    echo \"error: The sandbox is not in sync with the Podfile.lock. Run 'pod install' or update your CocoaPods installation.\" >&2\n    exit 1\nfi\n# This output is used by Xcode 'outputs' to avoid re-running this script phase.\necho \"SUCCESS\" > \"${SCRIPT_OUTPUT_FILE_0}\"\n";
			showEnvVarsInLog = 0;
		};
		5C6B73126292D87164D4AC30 /* [CP] Check Pods Manifest.lock */ = {
			isa = PBXShellScriptBuildPhase;
			buildActionMask = 2147483647;
			files = (
			);
			inputFileListPaths = (
			);
			inputPaths = (
				"${PODS_PODFILE_DIR_PATH}/Podfile.lock",
				"${PODS_ROOT}/Manifest.lock",
			);
			name = "[CP] Check Pods Manifest.lock";
			outputFileListPaths = (
			);
			outputPaths = (
				"$(DERIVED_FILE_DIR)/Pods-parseChatTests-checkManifestLockResult.txt",
			);
			runOnlyForDeploymentPostprocessing = 0;
			shellPath = /bin/sh;
			shellScript = "diff \"${PODS_PODFILE_DIR_PATH}/Podfile.lock\" \"${PODS_ROOT}/Manifest.lock\" > /dev/null\nif [ $? != 0 ] ; then\n    # print error to STDERR\n    echo \"error: The sandbox is not in sync with the Podfile.lock. Run 'pod install' or update your CocoaPods installation.\" >&2\n    exit 1\nfi\n# This output is used by Xcode 'outputs' to avoid re-running this script phase.\necho \"SUCCESS\" > \"${SCRIPT_OUTPUT_FILE_0}\"\n";
			showEnvVarsInLog = 0;
		};
		6C516F0F16A7E221B6031FAF /* [CP] Embed Pods Frameworks */ = {
			isa = PBXShellScriptBuildPhase;
			buildActionMask = 2147483647;
			files = (
			);
			inputFileListPaths = (
				"${PODS_ROOT}/Target Support Files/Pods-parseChat-parseChatUITests/Pods-parseChat-parseChatUITests-frameworks-${CONFIGURATION}-input-files.xcfilelist",
			);
			name = "[CP] Embed Pods Frameworks";
			outputFileListPaths = (
				"${PODS_ROOT}/Target Support Files/Pods-parseChat-parseChatUITests/Pods-parseChat-parseChatUITests-frameworks-${CONFIGURATION}-output-files.xcfilelist",
			);
			runOnlyForDeploymentPostprocessing = 0;
			shellPath = /bin/sh;
			shellScript = "\"${PODS_ROOT}/Target Support Files/Pods-parseChat-parseChatUITests/Pods-parseChat-parseChatUITests-frameworks.sh\"\n";
			showEnvVarsInLog = 0;
		};
		A43468E4730A3193EE385E9B /* [CP] Embed Pods Frameworks */ = {
			isa = PBXShellScriptBuildPhase;
			buildActionMask = 2147483647;
			files = (
			);
			inputFileListPaths = (
				"${PODS_ROOT}/Target Support Files/Pods-parseChat/Pods-parseChat-frameworks-${CONFIGURATION}-input-files.xcfilelist",
			);
			name = "[CP] Embed Pods Frameworks";
			outputFileListPaths = (
				"${PODS_ROOT}/Target Support Files/Pods-parseChat/Pods-parseChat-frameworks-${CONFIGURATION}-output-files.xcfilelist",
			);
			runOnlyForDeploymentPostprocessing = 0;
			shellPath = /bin/sh;
			shellScript = "\"${PODS_ROOT}/Target Support Files/Pods-parseChat/Pods-parseChat-frameworks.sh\"\n";
			showEnvVarsInLog = 0;
		};
		C295B217B11C06D141BED1CE /* [CP] Check Pods Manifest.lock */ = {
			isa = PBXShellScriptBuildPhase;
			buildActionMask = 2147483647;
			files = (
			);
			inputFileListPaths = (
			);
			inputPaths = (
				"${PODS_PODFILE_DIR_PATH}/Podfile.lock",
				"${PODS_ROOT}/Manifest.lock",
			);
			name = "[CP] Check Pods Manifest.lock";
			outputFileListPaths = (
			);
			outputPaths = (
				"$(DERIVED_FILE_DIR)/Pods-parseChat-checkManifestLockResult.txt",
			);
			runOnlyForDeploymentPostprocessing = 0;
			shellPath = /bin/sh;
			shellScript = "diff \"${PODS_PODFILE_DIR_PATH}/Podfile.lock\" \"${PODS_ROOT}/Manifest.lock\" > /dev/null\nif [ $? != 0 ] ; then\n    # print error to STDERR\n    echo \"error: The sandbox is not in sync with the Podfile.lock. Run 'pod install' or update your CocoaPods installation.\" >&2\n    exit 1\nfi\n# This output is used by Xcode 'outputs' to avoid re-running this script phase.\necho \"SUCCESS\" > \"${SCRIPT_OUTPUT_FILE_0}\"\n";
			showEnvVarsInLog = 0;
		};
/* End PBXShellScriptBuildPhase section */

/* Begin PBXSourcesBuildPhase section */
		497C53652694AD2A00AC7B6B /* Sources */ = {
			isa = PBXSourcesBuildPhase;
			buildActionMask = 2147483647;
			files = (
				497C536E2694AD2A00AC7B6B /* AppDelegate.m in Sources */,
				497C537F2694AD2D00AC7B6B /* main.m in Sources */,
				497C53A62694B63E00AC7B6B /* ChatViewController.m in Sources */,
				497C53A92694BCF500AC7B6B /* ChatCell.m in Sources */,
				497C53712694AD2A00AC7B6B /* SceneDelegate.m in Sources */,
				497C53A32694B20A00AC7B6B /* LoginViewController.m in Sources */,
			);
			runOnlyForDeploymentPostprocessing = 0;
		};
		497C53802694AD2D00AC7B6B /* Sources */ = {
			isa = PBXSourcesBuildPhase;
			buildActionMask = 2147483647;
			files = (
				497C53892694AD2D00AC7B6B /* parseChatTests.m in Sources */,
			);
			runOnlyForDeploymentPostprocessing = 0;
		};
		497C538B2694AD2D00AC7B6B /* Sources */ = {
			isa = PBXSourcesBuildPhase;
			buildActionMask = 2147483647;
			files = (
				497C53942694AD2D00AC7B6B /* parseChatUITests.m in Sources */,
			);
			runOnlyForDeploymentPostprocessing = 0;
		};
/* End PBXSourcesBuildPhase section */

/* Begin PBXTargetDependency section */
		497C53862694AD2D00AC7B6B /* PBXTargetDependency */ = {
			isa = PBXTargetDependency;
			target = 497C53682694AD2A00AC7B6B /* parseChat */;
			targetProxy = 497C53852694AD2D00AC7B6B /* PBXContainerItemProxy */;
		};
		497C53912694AD2D00AC7B6B /* PBXTargetDependency */ = {
			isa = PBXTargetDependency;
			target = 497C53682694AD2A00AC7B6B /* parseChat */;
			targetProxy = 497C53902694AD2D00AC7B6B /* PBXContainerItemProxy */;
		};
/* End PBXTargetDependency section */

/* Begin PBXVariantGroup section */
		497C53752694AD2A00AC7B6B /* Main.storyboard */ = {
			isa = PBXVariantGroup;
			children = (
				497C53762694AD2A00AC7B6B /* Base */,
			);
			name = Main.storyboard;
			sourceTree = "<group>";
		};
		497C537A2694AD2D00AC7B6B /* LaunchScreen.storyboard */ = {
			isa = PBXVariantGroup;
			children = (
				497C537B2694AD2D00AC7B6B /* Base */,
			);
			name = LaunchScreen.storyboard;
			sourceTree = "<group>";
		};
/* End PBXVariantGroup section */

/* Begin XCBuildConfiguration section */
		497C53962694AD2D00AC7B6B /* Debug */ = {
			isa = XCBuildConfiguration;
			buildSettings = {
				ALWAYS_SEARCH_USER_PATHS = NO;
				CLANG_ANALYZER_NONNULL = YES;
				CLANG_ANALYZER_NUMBER_OBJECT_CONVERSION = YES_AGGRESSIVE;
				CLANG_CXX_LANGUAGE_STANDARD = "gnu++14";
				CLANG_CXX_LIBRARY = "libc++";
				CLANG_ENABLE_MODULES = YES;
				CLANG_ENABLE_OBJC_ARC = YES;
				CLANG_ENABLE_OBJC_WEAK = YES;
				CLANG_WARN_BLOCK_CAPTURE_AUTORELEASING = YES;
				CLANG_WARN_BOOL_CONVERSION = YES;
				CLANG_WARN_COMMA = YES;
				CLANG_WARN_CONSTANT_CONVERSION = YES;
				CLANG_WARN_DEPRECATED_OBJC_IMPLEMENTATIONS = YES;
				CLANG_WARN_DIRECT_OBJC_ISA_USAGE = YES_ERROR;
				CLANG_WARN_DOCUMENTATION_COMMENTS = YES;
				CLANG_WARN_EMPTY_BODY = YES;
				CLANG_WARN_ENUM_CONVERSION = YES;
				CLANG_WARN_INFINITE_RECURSION = YES;
				CLANG_WARN_INT_CONVERSION = YES;
				CLANG_WARN_NON_LITERAL_NULL_CONVERSION = YES;
				CLANG_WARN_OBJC_IMPLICIT_RETAIN_SELF = YES;
				CLANG_WARN_OBJC_LITERAL_CONVERSION = YES;
				CLANG_WARN_OBJC_ROOT_CLASS = YES_ERROR;
				CLANG_WARN_QUOTED_INCLUDE_IN_FRAMEWORK_HEADER = YES;
				CLANG_WARN_RANGE_LOOP_ANALYSIS = YES;
				CLANG_WARN_STRICT_PROTOTYPES = YES;
				CLANG_WARN_SUSPICIOUS_MOVE = YES;
				CLANG_WARN_UNGUARDED_AVAILABILITY = YES_AGGRESSIVE;
				CLANG_WARN_UNREACHABLE_CODE = YES;
				CLANG_WARN__DUPLICATE_METHOD_MATCH = YES;
				COPY_PHASE_STRIP = NO;
				DEBUG_INFORMATION_FORMAT = dwarf;
				ENABLE_STRICT_OBJC_MSGSEND = YES;
				ENABLE_TESTABILITY = YES;
				GCC_C_LANGUAGE_STANDARD = gnu11;
				GCC_DYNAMIC_NO_PIC = NO;
				GCC_NO_COMMON_BLOCKS = YES;
				GCC_OPTIMIZATION_LEVEL = 0;
				GCC_PREPROCESSOR_DEFINITIONS = (
					"DEBUG=1",
					"$(inherited)",
				);
				GCC_WARN_64_TO_32_BIT_CONVERSION = YES;
				GCC_WARN_ABOUT_RETURN_TYPE = YES_ERROR;
				GCC_WARN_UNDECLARED_SELECTOR = YES;
				GCC_WARN_UNINITIALIZED_AUTOS = YES_AGGRESSIVE;
				GCC_WARN_UNUSED_FUNCTION = YES;
				GCC_WARN_UNUSED_VARIABLE = YES;
				IPHONEOS_DEPLOYMENT_TARGET = 14.5;
				MTL_ENABLE_DEBUG_INFO = INCLUDE_SOURCE;
				MTL_FAST_MATH = YES;
				ONLY_ACTIVE_ARCH = YES;
				SDKROOT = iphoneos;
			};
			name = Debug;
		};
		497C53972694AD2D00AC7B6B /* Release */ = {
			isa = XCBuildConfiguration;
			buildSettings = {
				ALWAYS_SEARCH_USER_PATHS = NO;
				CLANG_ANALYZER_NONNULL = YES;
				CLANG_ANALYZER_NUMBER_OBJECT_CONVERSION = YES_AGGRESSIVE;
				CLANG_CXX_LANGUAGE_STANDARD = "gnu++14";
				CLANG_CXX_LIBRARY = "libc++";
				CLANG_ENABLE_MODULES = YES;
				CLANG_ENABLE_OBJC_ARC = YES;
				CLANG_ENABLE_OBJC_WEAK = YES;
				CLANG_WARN_BLOCK_CAPTURE_AUTORELEASING = YES;
				CLANG_WARN_BOOL_CONVERSION = YES;
				CLANG_WARN_COMMA = YES;
				CLANG_WARN_CONSTANT_CONVERSION = YES;
				CLANG_WARN_DEPRECATED_OBJC_IMPLEMENTATIONS = YES;
				CLANG_WARN_DIRECT_OBJC_ISA_USAGE = YES_ERROR;
				CLANG_WARN_DOCUMENTATION_COMMENTS = YES;
				CLANG_WARN_EMPTY_BODY = YES;
				CLANG_WARN_ENUM_CONVERSION = YES;
				CLANG_WARN_INFINITE_RECURSION = YES;
				CLANG_WARN_INT_CONVERSION = YES;
				CLANG_WARN_NON_LITERAL_NULL_CONVERSION = YES;
				CLANG_WARN_OBJC_IMPLICIT_RETAIN_SELF = YES;
				CLANG_WARN_OBJC_LITERAL_CONVERSION = YES;
				CLANG_WARN_OBJC_ROOT_CLASS = YES_ERROR;
				CLANG_WARN_QUOTED_INCLUDE_IN_FRAMEWORK_HEADER = YES;
				CLANG_WARN_RANGE_LOOP_ANALYSIS = YES;
				CLANG_WARN_STRICT_PROTOTYPES = YES;
				CLANG_WARN_SUSPICIOUS_MOVE = YES;
				CLANG_WARN_UNGUARDED_AVAILABILITY = YES_AGGRESSIVE;
				CLANG_WARN_UNREACHABLE_CODE = YES;
				CLANG_WARN__DUPLICATE_METHOD_MATCH = YES;
				COPY_PHASE_STRIP = NO;
				DEBUG_INFORMATION_FORMAT = "dwarf-with-dsym";
				ENABLE_NS_ASSERTIONS = NO;
				ENABLE_STRICT_OBJC_MSGSEND = YES;
				GCC_C_LANGUAGE_STANDARD = gnu11;
				GCC_NO_COMMON_BLOCKS = YES;
				GCC_WARN_64_TO_32_BIT_CONVERSION = YES;
				GCC_WARN_ABOUT_RETURN_TYPE = YES_ERROR;
				GCC_WARN_UNDECLARED_SELECTOR = YES;
				GCC_WARN_UNINITIALIZED_AUTOS = YES_AGGRESSIVE;
				GCC_WARN_UNUSED_FUNCTION = YES;
				GCC_WARN_UNUSED_VARIABLE = YES;
				IPHONEOS_DEPLOYMENT_TARGET = 14.5;
				MTL_ENABLE_DEBUG_INFO = NO;
				MTL_FAST_MATH = YES;
				SDKROOT = iphoneos;
				VALIDATE_PRODUCT = YES;
			};
			name = Release;
		};
		497C53992694AD2D00AC7B6B /* Debug */ = {
			isa = XCBuildConfiguration;
			baseConfigurationReference = 1B71D36165E8D51EBBD87228 /* Pods-parseChat.debug.xcconfig */;
			buildSettings = {
				ASSETCATALOG_COMPILER_APPICON_NAME = AppIcon;
				ASSETCATALOG_COMPILER_GLOBAL_ACCENT_COLOR_NAME = AccentColor;
				CODE_SIGN_STYLE = Automatic;
				DEVELOPMENT_TEAM = Y8Z6A555QR;
				INFOPLIST_FILE = parseChat/Info.plist;
				LD_RUNPATH_SEARCH_PATHS = (
					"$(inherited)",
					"@executable_path/Frameworks",
				);
				PRODUCT_BUNDLE_IDENTIFIER = com.rutvims.parseChat;
				PRODUCT_NAME = "$(TARGET_NAME)";
				TARGETED_DEVICE_FAMILY = "1,2";
			};
			name = Debug;
		};
		497C539A2694AD2D00AC7B6B /* Release */ = {
			isa = XCBuildConfiguration;
			baseConfigurationReference = EDB6FB7D3CCC7FB2729047FA /* Pods-parseChat.release.xcconfig */;
			buildSettings = {
				ASSETCATALOG_COMPILER_APPICON_NAME = AppIcon;
				ASSETCATALOG_COMPILER_GLOBAL_ACCENT_COLOR_NAME = AccentColor;
				CODE_SIGN_STYLE = Automatic;
				DEVELOPMENT_TEAM = Y8Z6A555QR;
				INFOPLIST_FILE = parseChat/Info.plist;
				LD_RUNPATH_SEARCH_PATHS = (
					"$(inherited)",
					"@executable_path/Frameworks",
				);
				PRODUCT_BUNDLE_IDENTIFIER = com.rutvims.parseChat;
				PRODUCT_NAME = "$(TARGET_NAME)";
				TARGETED_DEVICE_FAMILY = "1,2";
			};
			name = Release;
		};
		497C539C2694AD2D00AC7B6B /* Debug */ = {
			isa = XCBuildConfiguration;
			baseConfigurationReference = 58C3CCF81F4551F9860F6107 /* Pods-parseChatTests.debug.xcconfig */;
			buildSettings = {
				BUNDLE_LOADER = "$(TEST_HOST)";
				CODE_SIGN_STYLE = Automatic;
				DEVELOPMENT_TEAM = Y8Z6A555QR;
				INFOPLIST_FILE = parseChatTests/Info.plist;
				IPHONEOS_DEPLOYMENT_TARGET = 14.5;
				LD_RUNPATH_SEARCH_PATHS = (
					"$(inherited)",
					"@executable_path/Frameworks",
					"@loader_path/Frameworks",
				);
				PRODUCT_BUNDLE_IDENTIFIER = com.rutvims.parseChatTests;
				PRODUCT_NAME = "$(TARGET_NAME)";
				TARGETED_DEVICE_FAMILY = "1,2";
				TEST_HOST = "$(BUILT_PRODUCTS_DIR)/parseChat.app/parseChat";
			};
			name = Debug;
		};
		497C539D2694AD2D00AC7B6B /* Release */ = {
			isa = XCBuildConfiguration;
			baseConfigurationReference = 1C8769B7FAB562B89A3DBF02 /* Pods-parseChatTests.release.xcconfig */;
			buildSettings = {
				BUNDLE_LOADER = "$(TEST_HOST)";
				CODE_SIGN_STYLE = Automatic;
				DEVELOPMENT_TEAM = Y8Z6A555QR;
				INFOPLIST_FILE = parseChatTests/Info.plist;
				IPHONEOS_DEPLOYMENT_TARGET = 14.5;
				LD_RUNPATH_SEARCH_PATHS = (
					"$(inherited)",
					"@executable_path/Frameworks",
					"@loader_path/Frameworks",
				);
				PRODUCT_BUNDLE_IDENTIFIER = com.rutvims.parseChatTests;
				PRODUCT_NAME = "$(TARGET_NAME)";
				TARGETED_DEVICE_FAMILY = "1,2";
				TEST_HOST = "$(BUILT_PRODUCTS_DIR)/parseChat.app/parseChat";
			};
			name = Release;
		};
		497C539F2694AD2D00AC7B6B /* Debug */ = {
			isa = XCBuildConfiguration;
			baseConfigurationReference = 28F2454D67D14392CF3187E6 /* Pods-parseChat-parseChatUITests.debug.xcconfig */;
			buildSettings = {
				CODE_SIGN_STYLE = Automatic;
				DEVELOPMENT_TEAM = Y8Z6A555QR;
				INFOPLIST_FILE = parseChatUITests/Info.plist;
				LD_RUNPATH_SEARCH_PATHS = (
					"$(inherited)",
					"@executable_path/Frameworks",
					"@loader_path/Frameworks",
				);
				PRODUCT_BUNDLE_IDENTIFIER = com.rutvims.parseChatUITests;
				PRODUCT_NAME = "$(TARGET_NAME)";
				TARGETED_DEVICE_FAMILY = "1,2";
				TEST_TARGET_NAME = parseChat;
			};
			name = Debug;
		};
		497C53A02694AD2D00AC7B6B /* Release */ = {
			isa = XCBuildConfiguration;
			baseConfigurationReference = BAEDCDCECDA25C21187E7DD0 /* Pods-parseChat-parseChatUITests.release.xcconfig */;
			buildSettings = {
				CODE_SIGN_STYLE = Automatic;
				DEVELOPMENT_TEAM = Y8Z6A555QR;
				INFOPLIST_FILE = parseChatUITests/Info.plist;
				LD_RUNPATH_SEARCH_PATHS = (
					"$(inherited)",
					"@executable_path/Frameworks",
					"@loader_path/Frameworks",
				);
				PRODUCT_BUNDLE_IDENTIFIER = com.rutvims.parseChatUITests;
				PRODUCT_NAME = "$(TARGET_NAME)";
				TARGETED_DEVICE_FAMILY = "1,2";
				TEST_TARGET_NAME = parseChat;
			};
			name = Release;
		};
/* End XCBuildConfiguration section */

/* Begin XCConfigurationList section */
		497C53642694AD2A00AC7B6B /* Build configuration list for PBXProject "parseChat" */ = {
			isa = XCConfigurationList;
			buildConfigurations = (
				497C53962694AD2D00AC7B6B /* Debug */,
				497C53972694AD2D00AC7B6B /* Release */,
			);
			defaultConfigurationIsVisible = 0;
			defaultConfigurationName = Release;
		};
		497C53982694AD2D00AC7B6B /* Build configuration list for PBXNativeTarget "parseChat" */ = {
			isa = XCConfigurationList;
			buildConfigurations = (
				497C53992694AD2D00AC7B6B /* Debug */,
				497C539A2694AD2D00AC7B6B /* Release */,
			);
			defaultConfigurationIsVisible = 0;
			defaultConfigurationName = Release;
		};
		497C539B2694AD2D00AC7B6B /* Build configuration list for PBXNativeTarget "parseChatTests" */ = {
			isa = XCConfigurationList;
			buildConfigurations = (
				497C539C2694AD2D00AC7B6B /* Debug */,
				497C539D2694AD2D00AC7B6B /* Release */,
			);
			defaultConfigurationIsVisible = 0;
			defaultConfigurationName = Release;
		};
		497C539E2694AD2D00AC7B6B /* Build configuration list for PBXNativeTarget "parseChatUITests" */ = {
			isa = XCConfigurationList;
			buildConfigurations = (
				497C539F2694AD2D00AC7B6B /* Debug */,
				497C53A02694AD2D00AC7B6B /* Release */,
			);
			defaultConfigurationIsVisible = 0;
			defaultConfigurationName = Release;
		};
/* End XCConfigurationList section */
	};
	rootObject = 497C53612694AD2A00AC7B6B /* Project object */;
}
